// !$*UTF8*$!
{
	archiveVersion = 1;
	classes = {
	};
	objectVersion = 56;
	objects = {

/* Begin PBXBuildFile section */
		09578BA92B90C30B008F57D4 /* StartScreenView.swift in Sources */ = {isa = PBXBuildFile; fileRef = 09578BA82B90C30B008F57D4 /* StartScreenView.swift */; };
		09578BAB2B90CB76008F57D4 /* RegistrationView.swift in Sources */ = {isa = PBXBuildFile; fileRef = 09578BAA2B90CB76008F57D4 /* RegistrationView.swift */; };
		09ACC9672B8FBEE100FA0CA2 /* StartScreenViewController.swift in Sources */ = {isa = PBXBuildFile; fileRef = 09ACC9662B8FBEE100FA0CA2 /* StartScreenViewController.swift */; };
		09ACC9692B8FBF2E00FA0CA2 /* RegistrationViewController.swift in Sources */ = {isa = PBXBuildFile; fileRef = 09ACC9682B8FBF2E00FA0CA2 /* RegistrationViewController.swift */; };
		09E3DCE42B90F04500C73649 /* RulesViewController.swift in Sources */ = {isa = PBXBuildFile; fileRef = 09E3DCE32B90F04500C73649 /* RulesViewController.swift */; };
		09E3DCE62B90F07400C73649 /* RulesView.swift in Sources */ = {isa = PBXBuildFile; fileRef = 09E3DCE52B90F07400C73649 /* RulesView.swift */; };
		A5B895482B8BE18200A30134 /* AppDelegate.swift in Sources */ = {isa = PBXBuildFile; fileRef = A5B895472B8BE18200A30134 /* AppDelegate.swift */; };
		A5B8954A2B8BE18200A30134 /* SceneDelegate.swift in Sources */ = {isa = PBXBuildFile; fileRef = A5B895492B8BE18200A30134 /* SceneDelegate.swift */; };
		A5B895512B8BE18300A30134 /* Assets.xcassets in Resources */ = {isa = PBXBuildFile; fileRef = A5B895502B8BE18300A30134 /* Assets.xcassets */; };
		A5B895542B8BE18300A30134 /* LaunchScreen.storyboard in Resources */ = {isa = PBXBuildFile; fileRef = A5B895522B8BE18300A30134 /* LaunchScreen.storyboard */; };
		A5B895642B8BE28900A30134 /* MainViewController.swift in Sources */ = {isa = PBXBuildFile; fileRef = A5B895632B8BE28900A30134 /* MainViewController.swift */; };
		A5B895672B8BEA7A00A30134 /* SnapKit in Frameworks */ = {isa = PBXBuildFile; productRef = A5B895662B8BEA7A00A30134 /* SnapKit */; };
		A5B895692B8D1BDC00A30134 /* CustomView.swift in Sources */ = {isa = PBXBuildFile; fileRef = A5B895682B8D1BDC00A30134 /* CustomView.swift */; };
		A5B8956B2B8D1BFD00A30134 /* CustomViewController.swift in Sources */ = {isa = PBXBuildFile; fileRef = A5B8956A2B8D1BFD00A30134 /* CustomViewController.swift */; };
		AD0799DD2B8E8E8200AEFFE7 /* GameOverViewController.swift in Sources */ = {isa = PBXBuildFile; fileRef = AD0799DC2B8E8E8200AEFFE7 /* GameOverViewController.swift */; };
		AD0799DF2B8E8EC400AEFFE7 /* GameOverView.swift in Sources */ = {isa = PBXBuildFile; fileRef = AD0799DE2B8E8EC400AEFFE7 /* GameOverView.swift */; };
		AD0799E22B8F33AA00AEFFE7 /* QuestionsViewController.swift in Sources */ = {isa = PBXBuildFile; fileRef = AD0799E12B8F33AA00AEFFE7 /* QuestionsViewController.swift */; };
		AD0799E42B8F33F800AEFFE7 /* QuestionsView.swift in Sources */ = {isa = PBXBuildFile; fileRef = AD0799E32B8F33F800AEFFE7 /* QuestionsView.swift */; };
		AD0799E62B8F691E00AEFFE7 /* QuestionView.swift in Sources */ = {isa = PBXBuildFile; fileRef = AD0799E52B8F691E00AEFFE7 /* QuestionView.swift */; };
		AD0799EA2B8F748300AEFFE7 /* QuestionHelper.swift in Sources */ = {isa = PBXBuildFile; fileRef = AD0799E92B8F748300AEFFE7 /* QuestionHelper.swift */;
		D51C64FA2B905781002F6EE1 /* GameService.swift in Sources */ = {isa = PBXBuildFile; fileRef = D51C64F92B905781002F6EE1 /* GameService.swift */; };;
	 	D588C67C2B8F3B1700B39884 /* Question.swift in Sources */ = {isa = PBXBuildFile; fileRef = D588C67B2B8F3B1700B39884 /* Question.swift */; };
		D588C67E2B8F3DC100B39884 /* QuestionsAPI.swift in Sources */ = {isa = PBXBuildFile; fileRef = D588C67D2B8F3DC100B39884 /* QuestionsAPI.swift */; };
		D973137C2B8DFDBA0046083E /* Sounds.swift in Sources */ = {isa = PBXBuildFile; fileRef = D973137B2B8DFDBA0046083E /* Sounds.swift */; };
		D973137E2B8DFE930046083E /* Fonts.swift in Sources */ = {isa = PBXBuildFile; fileRef = D973137D2B8DFE930046083E /* Fonts.swift */; };
		D9CEFE0A2B8FA3320009949C /* AudioPlayer.swift in Sources */ = {isa = PBXBuildFile; fileRef = D9CEFE092B8FA3320009949C /* AudioPlayer.swift */; };
		D9E7691F2B8D437E0096FAEC /* button-gold.png in Resources */ = {isa = PBXBuildFile; fileRef = D9E769042B8D437D0096FAEC /* button-gold.png */; };
		D9E769202B8D437E0096FAEC /* clue-call-used.png in Resources */ = {isa = PBXBuildFile; fileRef = D9E769052B8D437D0096FAEC /* clue-call-used.png */; };
		D9E769212B8D437E0096FAEC /* clue-50-percent-used.png in Resources */ = {isa = PBXBuildFile; fileRef = D9E769062B8D437D0096FAEC /* clue-50-percent-used.png */; };
		D9E769222B8D437E0096FAEC /* clue-50-percent.png in Resources */ = {isa = PBXBuildFile; fileRef = D9E769072B8D437D0096FAEC /* clue-50-percent.png */; };
		D9E769232B8D437E0096FAEC /* clue-call.png in Resources */ = {isa = PBXBuildFile; fileRef = D9E769082B8D437D0096FAEC /* clue-call.png */; };
		D9E769242B8D437E0096FAEC /* background-with-people.png in Resources */ = {isa = PBXBuildFile; fileRef = D9E769092B8D437D0096FAEC /* background-with-people.png */; };
		D9E769252B8D437E0096FAEC /* background-with-money.png in Resources */ = {isa = PBXBuildFile; fileRef = D9E7690A2B8D437D0096FAEC /* background-with-money.png */; };
		D9E769262B8D437E0096FAEC /* clue-people-help-used.png in Resources */ = {isa = PBXBuildFile; fileRef = D9E7690B2B8D437D0096FAEC /* clue-people-help-used.png */; };
		D9E769272B8D437E0096FAEC /* background.png in Resources */ = {isa = PBXBuildFile; fileRef = D9E7690C2B8D437D0096FAEC /* background.png */; };
		D9E769282B8D437E0096FAEC /* button-red.png in Resources */ = {isa = PBXBuildFile; fileRef = D9E7690D2B8D437D0096FAEC /* button-red.png */; };
		D9E7692A2B8D437E0096FAEC /* button-blue.png in Resources */ = {isa = PBXBuildFile; fileRef = D9E7690F2B8D437D0096FAEC /* button-blue.png */; };
		D9E7692B2B8D437E0096FAEC /* button-purple.png in Resources */ = {isa = PBXBuildFile; fileRef = D9E769102B8D437D0096FAEC /* button-purple.png */; };
		D9E7692C2B8D437E0096FAEC /* button-green.png in Resources */ = {isa = PBXBuildFile; fileRef = D9E769112B8D437D0096FAEC /* button-green.png */; };
		D9E7692D2B8D437E0096FAEC /* clue-people-help.png in Resources */ = {isa = PBXBuildFile; fileRef = D9E769122B8D437D0096FAEC /* clue-people-help.png */; };
		D9E7692E2B8D437E0096FAEC /* Roboto-Medium.ttf in Resources */ = {isa = PBXBuildFile; fileRef = D9E769142B8D437E0096FAEC /* Roboto-Medium.ttf */; };
		D9E7692F2B8D437E0096FAEC /* Syne-Regular.ttf in Resources */ = {isa = PBXBuildFile; fileRef = D9E769152B8D437E0096FAEC /* Syne-Regular.ttf */; };
		D9E769302B8D437E0096FAEC /* Roboto-Regular.ttf in Resources */ = {isa = PBXBuildFile; fileRef = D9E769162B8D437E0096FAEC /* Roboto-Regular.ttf */; };
		D9E769312B8D437E0096FAEC /* Roboto-Semibold.ttf in Resources */ = {isa = PBXBuildFile; fileRef = D9E769172B8D437E0096FAEC /* Roboto-Semibold.ttf */; };
		D9E769322B8D437E0096FAEC /* Roboto-Bold.ttf in Resources */ = {isa = PBXBuildFile; fileRef = D9E769182B8D437E0096FAEC /* Roboto-Bold.ttf */; };
		D9E769332B8D437E0096FAEC /* right-answer.mp3 in Resources */ = {isa = PBXBuildFile; fileRef = D9E7691A2B8D437E0096FAEC /* right-answer.mp3 */; };
		D9E769342B8D437E0096FAEC /* user-win.mp3 in Resources */ = {isa = PBXBuildFile; fileRef = D9E7691B2B8D437E0096FAEC /* user-win.mp3 */; };
		D9E769352B8D437E0096FAEC /* wait-user-answer.mp3 in Resources */ = {isa = PBXBuildFile; fileRef = D9E7691C2B8D437E0096FAEC /* wait-user-answer.mp3 */; };
		D9E769362B8D437E0096FAEC /* wrong-answer.mp3 in Resources */ = {isa = PBXBuildFile; fileRef = D9E7691D2B8D437E0096FAEC /* wrong-answer.mp3 */; };
		D9E769372B8D437E0096FAEC /* answer-accepted.mp3 in Resources */ = {isa = PBXBuildFile; fileRef = D9E7691E2B8D437E0096FAEC /* answer-accepted.mp3 */; };
		D9E769392B8D43A40096FAEC /* logo.png in Resources */ = {isa = PBXBuildFile; fileRef = D9E769382B8D43A40096FAEC /* logo.png */; };
		D9E769542B8DF5150096FAEC /* Images.swift in Sources */ = {isa = PBXBuildFile; fileRef = D9E769532B8DF5150096FAEC /* Images.swift */; };
/* End PBXBuildFile section */

/* Begin PBXFileReference section */
		09578BA82B90C30B008F57D4 /* StartScreenView.swift */ = {isa = PBXFileReference; lastKnownFileType = sourcecode.swift; path = StartScreenView.swift; sourceTree = "<group>"; };
		09578BAA2B90CB76008F57D4 /* RegistrationView.swift */ = {isa = PBXFileReference; lastKnownFileType = sourcecode.swift; path = RegistrationView.swift; sourceTree = "<group>"; };
		09ACC9662B8FBEE100FA0CA2 /* StartScreenViewController.swift */ = {isa = PBXFileReference; lastKnownFileType = sourcecode.swift; path = StartScreenViewController.swift; sourceTree = "<group>"; };
		09ACC9682B8FBF2E00FA0CA2 /* RegistrationViewController.swift */ = {isa = PBXFileReference; lastKnownFileType = sourcecode.swift; path = RegistrationViewController.swift; sourceTree = "<group>"; };
		09E3DCE32B90F04500C73649 /* RulesViewController.swift */ = {isa = PBXFileReference; lastKnownFileType = sourcecode.swift; path = RulesViewController.swift; sourceTree = "<group>"; };
		09E3DCE52B90F07400C73649 /* RulesView.swift */ = {isa = PBXFileReference; lastKnownFileType = sourcecode.swift; path = RulesView.swift; sourceTree = "<group>"; };
		A5B895442B8BE18200A30134 /* WhoWantsToBeAMillionaire.app */ = {isa = PBXFileReference; explicitFileType = wrapper.application; includeInIndex = 0; path = WhoWantsToBeAMillionaire.app; sourceTree = BUILT_PRODUCTS_DIR; };
		A5B895472B8BE18200A30134 /* AppDelegate.swift */ = {isa = PBXFileReference; lastKnownFileType = sourcecode.swift; path = AppDelegate.swift; sourceTree = "<group>"; };
		A5B895492B8BE18200A30134 /* SceneDelegate.swift */ = {isa = PBXFileReference; lastKnownFileType = sourcecode.swift; path = SceneDelegate.swift; sourceTree = "<group>"; };
		A5B895502B8BE18300A30134 /* Assets.xcassets */ = {isa = PBXFileReference; lastKnownFileType = folder.assetcatalog; path = Assets.xcassets; sourceTree = "<group>"; };
		A5B895532B8BE18300A30134 /* Base */ = {isa = PBXFileReference; lastKnownFileType = file.storyboard; name = Base; path = Base.lproj/LaunchScreen.storyboard; sourceTree = "<group>"; };
		A5B895552B8BE18300A30134 /* Info.plist */ = {isa = PBXFileReference; lastKnownFileType = text.plist.xml; path = Info.plist; sourceTree = "<group>"; };
		A5B895632B8BE28900A30134 /* MainViewController.swift */ = {isa = PBXFileReference; lastKnownFileType = sourcecode.swift; path = MainViewController.swift; sourceTree = "<group>"; };
		A5B895682B8D1BDC00A30134 /* CustomView.swift */ = {isa = PBXFileReference; lastKnownFileType = sourcecode.swift; path = CustomView.swift; sourceTree = "<group>"; };
		A5B8956A2B8D1BFD00A30134 /* CustomViewController.swift */ = {isa = PBXFileReference; lastKnownFileType = sourcecode.swift; path = CustomViewController.swift; sourceTree = "<group>"; };
		AD0799DC2B8E8E8200AEFFE7 /* GameOverViewController.swift */ = {isa = PBXFileReference; lastKnownFileType = sourcecode.swift; path = GameOverViewController.swift; sourceTree = "<group>"; };
		AD0799DE2B8E8EC400AEFFE7 /* GameOverView.swift */ = {isa = PBXFileReference; lastKnownFileType = sourcecode.swift; path = GameOverView.swift; sourceTree = "<group>"; };
		AD0799E12B8F33AA00AEFFE7 /* QuestionsViewController.swift */ = {isa = PBXFileReference; lastKnownFileType = sourcecode.swift; path = QuestionsViewController.swift; sourceTree = "<group>"; };
		AD0799E32B8F33F800AEFFE7 /* QuestionsView.swift */ = {isa = PBXFileReference; lastKnownFileType = sourcecode.swift; path = QuestionsView.swift; sourceTree = "<group>"; };
		AD0799E52B8F691E00AEFFE7 /* QuestionView.swift */ = {isa = PBXFileReference; lastKnownFileType = sourcecode.swift; path = QuestionView.swift; sourceTree = "<group>"; };
		AD0799E92B8F748300AEFFE7 /* QuestionHelper.swift */ = {isa = PBXFileReference; lastKnownFileType = sourcecode.swift; path = QuestionHelper.swift; sourceTree = "<group>"; };
    D51C64F92B905781002F6EE1 /* GameService.swift */ = {isa = PBXFileReference; lastKnownFileType = sourcecode.swift; path = GameService.swift; sourceTree = "<group>"; };
		D588C67B2B8F3B1700B39884 /* Question.swift */ = {isa = PBXFileReference; lastKnownFileType = sourcecode.swift; path = Question.swift; sourceTree = "<group>"; };
		D588C67D2B8F3DC100B39884 /* QuestionsAPI.swift */ = {isa = PBXFileReference; lastKnownFileType = sourcecode.swift; path = QuestionsAPI.swift; sourceTree = "<group>"; };
		D973137B2B8DFDBA0046083E /* Sounds.swift */ = {isa = PBXFileReference; lastKnownFileType = sourcecode.swift; path = Sounds.swift; sourceTree = "<group>"; };
		D973137D2B8DFE930046083E /* Fonts.swift */ = {isa = PBXFileReference; lastKnownFileType = sourcecode.swift; path = Fonts.swift; sourceTree = "<group>"; };
		D9CEFE092B8FA3320009949C /* AudioPlayer.swift */ = {isa = PBXFileReference; lastKnownFileType = sourcecode.swift; path = AudioPlayer.swift; sourceTree = "<group>"; };
		D9E769042B8D437D0096FAEC /* button-gold.png */ = {isa = PBXFileReference; lastKnownFileType = image.png; path = "button-gold.png"; sourceTree = "<group>"; };
		D9E769052B8D437D0096FAEC /* clue-call-used.png */ = {isa = PBXFileReference; lastKnownFileType = image.png; path = "clue-call-used.png"; sourceTree = "<group>"; };
		D9E769062B8D437D0096FAEC /* clue-50-percent-used.png */ = {isa = PBXFileReference; lastKnownFileType = image.png; path = "clue-50-percent-used.png"; sourceTree = "<group>"; };
		D9E769072B8D437D0096FAEC /* clue-50-percent.png */ = {isa = PBXFileReference; lastKnownFileType = image.png; path = "clue-50-percent.png"; sourceTree = "<group>"; };
		D9E769082B8D437D0096FAEC /* clue-call.png */ = {isa = PBXFileReference; lastKnownFileType = image.png; path = "clue-call.png"; sourceTree = "<group>"; };
		D9E769092B8D437D0096FAEC /* background-with-people.png */ = {isa = PBXFileReference; lastKnownFileType = image.png; path = "background-with-people.png"; sourceTree = "<group>"; };
		D9E7690A2B8D437D0096FAEC /* background-with-money.png */ = {isa = PBXFileReference; lastKnownFileType = image.png; path = "background-with-money.png"; sourceTree = "<group>"; };
		D9E7690B2B8D437D0096FAEC /* clue-people-help-used.png */ = {isa = PBXFileReference; lastKnownFileType = image.png; path = "clue-people-help-used.png"; sourceTree = "<group>"; };
		D9E7690C2B8D437D0096FAEC /* background.png */ = {isa = PBXFileReference; lastKnownFileType = image.png; path = background.png; sourceTree = "<group>"; };
		D9E7690D2B8D437D0096FAEC /* button-red.png */ = {isa = PBXFileReference; lastKnownFileType = image.png; path = "button-red.png"; sourceTree = "<group>"; };
		D9E7690F2B8D437D0096FAEC /* button-blue.png */ = {isa = PBXFileReference; lastKnownFileType = image.png; path = "button-blue.png"; sourceTree = "<group>"; };
		D9E769102B8D437D0096FAEC /* button-purple.png */ = {isa = PBXFileReference; lastKnownFileType = image.png; path = "button-purple.png"; sourceTree = "<group>"; };
		D9E769112B8D437D0096FAEC /* button-green.png */ = {isa = PBXFileReference; lastKnownFileType = image.png; path = "button-green.png"; sourceTree = "<group>"; };
		D9E769122B8D437D0096FAEC /* clue-people-help.png */ = {isa = PBXFileReference; lastKnownFileType = image.png; path = "clue-people-help.png"; sourceTree = "<group>"; };
		D9E769142B8D437E0096FAEC /* Roboto-Medium.ttf */ = {isa = PBXFileReference; lastKnownFileType = file; path = "Roboto-Medium.ttf"; sourceTree = "<group>"; };
		D9E769152B8D437E0096FAEC /* Syne-Regular.ttf */ = {isa = PBXFileReference; lastKnownFileType = file; path = "Syne-Regular.ttf"; sourceTree = "<group>"; };
		D9E769162B8D437E0096FAEC /* Roboto-Regular.ttf */ = {isa = PBXFileReference; lastKnownFileType = file; path = "Roboto-Regular.ttf"; sourceTree = "<group>"; };
		D9E769172B8D437E0096FAEC /* Roboto-Semibold.ttf */ = {isa = PBXFileReference; lastKnownFileType = file; path = "Roboto-Semibold.ttf"; sourceTree = "<group>"; };
		D9E769182B8D437E0096FAEC /* Roboto-Bold.ttf */ = {isa = PBXFileReference; lastKnownFileType = file; path = "Roboto-Bold.ttf"; sourceTree = "<group>"; };
		D9E7691A2B8D437E0096FAEC /* right-answer.mp3 */ = {isa = PBXFileReference; lastKnownFileType = audio.mp3; path = "right-answer.mp3"; sourceTree = "<group>"; };
		D9E7691B2B8D437E0096FAEC /* user-win.mp3 */ = {isa = PBXFileReference; lastKnownFileType = audio.mp3; path = "user-win.mp3"; sourceTree = "<group>"; };
		D9E7691C2B8D437E0096FAEC /* wait-user-answer.mp3 */ = {isa = PBXFileReference; lastKnownFileType = audio.mp3; path = "wait-user-answer.mp3"; sourceTree = "<group>"; };
		D9E7691D2B8D437E0096FAEC /* wrong-answer.mp3 */ = {isa = PBXFileReference; lastKnownFileType = audio.mp3; path = "wrong-answer.mp3"; sourceTree = "<group>"; };
		D9E7691E2B8D437E0096FAEC /* answer-accepted.mp3 */ = {isa = PBXFileReference; lastKnownFileType = audio.mp3; path = "answer-accepted.mp3"; sourceTree = "<group>"; };
		D9E769382B8D43A40096FAEC /* logo.png */ = {isa = PBXFileReference; lastKnownFileType = image.png; path = logo.png; sourceTree = "<group>"; };
		D9E769532B8DF5150096FAEC /* Images.swift */ = {isa = PBXFileReference; lastKnownFileType = sourcecode.swift; path = Images.swift; sourceTree = "<group>"; };
/* End PBXFileReference section */

/* Begin PBXFrameworksBuildPhase section */
		A5B895412B8BE18200A30134 /* Frameworks */ = {
			isa = PBXFrameworksBuildPhase;
			buildActionMask = 2147483647;
			files = (
				A5B895672B8BEA7A00A30134 /* SnapKit in Frameworks */,
			);
			runOnlyForDeploymentPostprocessing = 0;
		};
/* End PBXFrameworksBuildPhase section */

/* Begin PBXGroup section */
		09ACC9632B8FBE9000FA0CA2 /* StartScreenView */ = {
			isa = PBXGroup;
			children = (
				09578BA82B90C30B008F57D4 /* StartScreenView.swift */,
				09ACC9662B8FBEE100FA0CA2 /* StartScreenViewController.swift */,
			);
			path = StartScreenView;
			sourceTree = "<group>";
		};
		09ACC9652B8FBEAE00FA0CA2 /* RegistrationView */ = {
			isa = PBXGroup;
			children = (
				09ACC9682B8FBF2E00FA0CA2 /* RegistrationViewController.swift */,
				09578BAA2B90CB76008F57D4 /* RegistrationView.swift */,
			);
			path = RegistrationView;
			sourceTree = "<group>";
		};
		09E3DCE22B90EC0900C73649 /* RulesView */ = {
			isa = PBXGroup;
			children = (
				09E3DCE32B90F04500C73649 /* RulesViewController.swift */,
				09E3DCE52B90F07400C73649 /* RulesView.swift */,
			);
			path = RulesView;
			sourceTree = "<group>";
		};
		A5B8953B2B8BE18200A30134 = {
			isa = PBXGroup;
			children = (
				A5B895462B8BE18200A30134 /* WhoWantsToBeAMillionaire */,
				A5B895452B8BE18200A30134 /* Products */,
			);
			sourceTree = "<group>";
		};
		A5B895452B8BE18200A30134 /* Products */ = {
			isa = PBXGroup;
			children = (
				A5B895442B8BE18200A30134 /* WhoWantsToBeAMillionaire.app */,
			);
			name = Products;
			sourceTree = "<group>";
		};
		A5B895462B8BE18200A30134 /* WhoWantsToBeAMillionaire */ = {
			isa = PBXGroup;
			children = (
				D588C67A2B8F3AF600B39884 /* Model */,
				A5B8955B2B8BE1B600A30134 /* App */,
				A5B8955D2B8BE1E800A30134 /* Services */,
				A5B8955C2B8BE1C400A30134 /* Modules */,
				A5B8955E2B8BE20200A30134 /* Extensions */,
				A5B8955F2B8BE22000A30134 /* Resources */,
			);
			path = WhoWantsToBeAMillionaire;
			sourceTree = "<group>";
		};
		A5B8955B2B8BE1B600A30134 /* App */ = {
			isa = PBXGroup;
			children = (
				A5B895472B8BE18200A30134 /* AppDelegate.swift */,
				A5B895492B8BE18200A30134 /* SceneDelegate.swift */,
			);
			path = App;
			sourceTree = "<group>";
		};
		A5B8955C2B8BE1C400A30134 /* Modules */ = {
			isa = PBXGroup;
			children = (
				09E3DCE22B90EC0900C73649 /* RulesView */,
				09ACC9652B8FBEAE00FA0CA2 /* RegistrationView */,
				09ACC9632B8FBE9000FA0CA2 /* StartScreenView */,
				A5B895602B8BE25800A30134 /* MainModule */,
				AD0799E02B8F335000AEFFE7 /* QustionsModule */,
				AD0799DA2B8E8E4100AEFFE7 /* GameOverModule */,
			);
			path = Modules;
			sourceTree = "<group>";
		};
		A5B8955D2B8BE1E800A30134 /* Services */ = {
			isa = PBXGroup;
			children = (
				D9CEFE092B8FA3320009949C /* AudioPlayer.swift */,
			);
			path = Services;
			sourceTree = "<group>";
		};
		A5B8955E2B8BE20200A30134 /* Extensions */ = {
			isa = PBXGroup;
			children = (
				A5B895682B8D1BDC00A30134 /* CustomView.swift */,
				A5B8956A2B8D1BFD00A30134 /* CustomViewController.swift */,
				D9E769532B8DF5150096FAEC /* Images.swift */,
				D973137B2B8DFDBA0046083E /* Sounds.swift */,
				D973137D2B8DFE930046083E /* Fonts.swift */,
			);
			path = Extensions;
			sourceTree = "<group>";
		};
		A5B8955F2B8BE22000A30134 /* Resources */ = {
			isa = PBXGroup;
			children = (
				D9E769132B8D437E0096FAEC /* fonts */,
				D9E769032B8D437D0096FAEC /* images */,
				D9E769192B8D437E0096FAEC /* sounds */,
				A5B895502B8BE18300A30134 /* Assets.xcassets */,
				A5B895522B8BE18300A30134 /* LaunchScreen.storyboard */,
				A5B895552B8BE18300A30134 /* Info.plist */,
			);
			path = Resources;
			sourceTree = "<group>";
		};
		A5B895602B8BE25800A30134 /* MainModule */ = {
			isa = PBXGroup;
			children = (
				A5B895612B8BE26200A30134 /* View */,
			);
			path = MainModule;
			sourceTree = "<group>";
		};
		A5B895612B8BE26200A30134 /* View */ = {
			isa = PBXGroup;
			children = (
				A5B895632B8BE28900A30134 /* MainViewController.swift */,
			);
			path = View;
			sourceTree = "<group>";
		};
		AD0799DA2B8E8E4100AEFFE7 /* GameOverModule */ = {
			isa = PBXGroup;
			children = (
				AD0799DB2B8E8E6600AEFFE7 /* View */,
			);
			path = GameOverModule;
			sourceTree = "<group>";
		};
		AD0799DB2B8E8E6600AEFFE7 /* View */ = {
			isa = PBXGroup;
			children = (
				AD0799DE2B8E8EC400AEFFE7 /* GameOverView.swift */,
				AD0799DC2B8E8E8200AEFFE7 /* GameOverViewController.swift */,
			);
			path = View;
			sourceTree = "<group>";
		};
		AD0799E02B8F335000AEFFE7 /* QustionsModule */ = {
			isa = PBXGroup;
			children = (
				AD0799E82B8F742F00AEFFE7 /* QuestionHelper */,
				AD0799E72B8F742500AEFFE7 /* View */,
				AD0799E12B8F33AA00AEFFE7 /* QuestionsViewController.swift */,
			);
			path = QustionsModule;
			sourceTree = "<group>";
		};
		AD0799E72B8F742500AEFFE7 /* View */ = {
			isa = PBXGroup;
			children = (
				AD0799E52B8F691E00AEFFE7 /* QuestionView.swift */,
				AD0799E32B8F33F800AEFFE7 /* QuestionsView.swift */,
			);
			path = View;
			sourceTree = "<group>";
		};
		AD0799E82B8F742F00AEFFE7 /* QuestionHelper */ = {
			isa = PBXGroup;
			children = (
				AD0799E92B8F748300AEFFE7 /* QuestionHelper.swift */,
			);
			path = QuestionHelper;
			sourceTree = "<group>";
		};
		D588C67A2B8F3AF600B39884 /* Model */ = {
			isa = PBXGroup;
			children = (
				D588C67B2B8F3B1700B39884 /* Question.swift */,
				D588C67D2B8F3DC100B39884 /* QuestionsAPI.swift */,
				D51C64F92B905781002F6EE1 /* GameService.swift */,
			);
			path = Model;
			sourceTree = "<group>";
		};
		D9E769032B8D437D0096FAEC /* images */ = {
			isa = PBXGroup;
			children = (
				D9E7690A2B8D437D0096FAEC /* background-with-money.png */,
				D9E769092B8D437D0096FAEC /* background-with-people.png */,
				D9E7690C2B8D437D0096FAEC /* background.png */,
				D9E7690F2B8D437D0096FAEC /* button-blue.png */,
				D9E769042B8D437D0096FAEC /* button-gold.png */,
				D9E769112B8D437D0096FAEC /* button-green.png */,
				D9E769102B8D437D0096FAEC /* button-purple.png */,
				D9E7690D2B8D437D0096FAEC /* button-red.png */,
				D9E769062B8D437D0096FAEC /* clue-50-percent-used.png */,
				D9E769072B8D437D0096FAEC /* clue-50-percent.png */,
				D9E769052B8D437D0096FAEC /* clue-call-used.png */,
				D9E769082B8D437D0096FAEC /* clue-call.png */,
				D9E7690B2B8D437D0096FAEC /* clue-people-help-used.png */,
				D9E769122B8D437D0096FAEC /* clue-people-help.png */,
				D9E769382B8D43A40096FAEC /* logo.png */,
			);
			path = images;
			sourceTree = "<group>";
		};
		D9E769132B8D437E0096FAEC /* fonts */ = {
			isa = PBXGroup;
			children = (
				D9E769142B8D437E0096FAEC /* Roboto-Medium.ttf */,
				D9E769152B8D437E0096FAEC /* Syne-Regular.ttf */,
				D9E769162B8D437E0096FAEC /* Roboto-Regular.ttf */,
				D9E769172B8D437E0096FAEC /* Roboto-Semibold.ttf */,
				D9E769182B8D437E0096FAEC /* Roboto-Bold.ttf */,
			);
			path = fonts;
			sourceTree = "<group>";
		};
		D9E769192B8D437E0096FAEC /* sounds */ = {
			isa = PBXGroup;
			children = (
				D9E7691A2B8D437E0096FAEC /* right-answer.mp3 */,
				D9E7691B2B8D437E0096FAEC /* user-win.mp3 */,
				D9E7691C2B8D437E0096FAEC /* wait-user-answer.mp3 */,
				D9E7691D2B8D437E0096FAEC /* wrong-answer.mp3 */,
				D9E7691E2B8D437E0096FAEC /* answer-accepted.mp3 */,
			);
			path = sounds;
			sourceTree = "<group>";
		};
/* End PBXGroup section */

/* Begin PBXNativeTarget section */
		A5B895432B8BE18200A30134 /* WhoWantsToBeAMillionaire */ = {
			isa = PBXNativeTarget;
			buildConfigurationList = A5B895582B8BE18300A30134 /* Build configuration list for PBXNativeTarget "WhoWantsToBeAMillionaire" */;
			buildPhases = (
				A5B895402B8BE18200A30134 /* Sources */,
				A5B895412B8BE18200A30134 /* Frameworks */,
				A5B895422B8BE18200A30134 /* Resources */,
			);
			buildRules = (
			);
			dependencies = (
			);
			name = WhoWantsToBeAMillionaire;
			packageProductDependencies = (
				A5B895662B8BEA7A00A30134 /* SnapKit */,
			);
			productName = WhoWantsToBeAMillionaire;
			productReference = A5B895442B8BE18200A30134 /* WhoWantsToBeAMillionaire.app */;
			productType = "com.apple.product-type.application";
		};
/* End PBXNativeTarget section */

/* Begin PBXProject section */
		A5B8953C2B8BE18200A30134 /* Project object */ = {
			isa = PBXProject;
			attributes = {
				BuildIndependentTargetsInParallel = 1;
				LastSwiftUpdateCheck = 1520;
				LastUpgradeCheck = 1520;
				TargetAttributes = {
					A5B895432B8BE18200A30134 = {
						CreatedOnToolsVersion = 15.2;
					};
				};
			};
			buildConfigurationList = A5B8953F2B8BE18200A30134 /* Build configuration list for PBXProject "WhoWantsToBeAMillionaire" */;
			compatibilityVersion = "Xcode 14.0";
			developmentRegion = en;
			hasScannedForEncodings = 0;
			knownRegions = (
				en,
				Base,
			);
			mainGroup = A5B8953B2B8BE18200A30134;
			packageReferences = (
				A5B895652B8BEA7A00A30134 /* XCRemoteSwiftPackageReference "SnapKit" */,
			);
			productRefGroup = A5B895452B8BE18200A30134 /* Products */;
			projectDirPath = "";
			projectRoot = "";
			targets = (
				A5B895432B8BE18200A30134 /* WhoWantsToBeAMillionaire */,
			);
		};
/* End PBXProject section */

/* Begin PBXResourcesBuildPhase section */
		A5B895422B8BE18200A30134 /* Resources */ = {
			isa = PBXResourcesBuildPhase;
			buildActionMask = 2147483647;
			files = (
				D9E7692F2B8D437E0096FAEC /* Syne-Regular.ttf in Resources */,
				D9E769302B8D437E0096FAEC /* Roboto-Regular.ttf in Resources */,
				D9E769392B8D43A40096FAEC /* logo.png in Resources */,
				D9E769242B8D437E0096FAEC /* background-with-people.png in Resources */,
				D9E769342B8D437E0096FAEC /* user-win.mp3 in Resources */,
				D9E769322B8D437E0096FAEC /* Roboto-Bold.ttf in Resources */,
				D9E769282B8D437E0096FAEC /* button-red.png in Resources */,
				D9E7692D2B8D437E0096FAEC /* clue-people-help.png in Resources */,
				D9E769252B8D437E0096FAEC /* background-with-money.png in Resources */,
				D9E7691F2B8D437E0096FAEC /* button-gold.png in Resources */,
				D9E769362B8D437E0096FAEC /* wrong-answer.mp3 in Resources */,
				D9E7692A2B8D437E0096FAEC /* button-blue.png in Resources */,
				D9E769262B8D437E0096FAEC /* clue-people-help-used.png in Resources */,
				D9E7692E2B8D437E0096FAEC /* Roboto-Medium.ttf in Resources */,
				D9E769312B8D437E0096FAEC /* Roboto-Semibold.ttf in Resources */,
				D9E769232B8D437E0096FAEC /* clue-call.png in Resources */,
				D9E769202B8D437E0096FAEC /* clue-call-used.png in Resources */,
				D9E7692B2B8D437E0096FAEC /* button-purple.png in Resources */,
				D9E769212B8D437E0096FAEC /* clue-50-percent-used.png in Resources */,
				D9E769222B8D437E0096FAEC /* clue-50-percent.png in Resources */,
				D9E769352B8D437E0096FAEC /* wait-user-answer.mp3 in Resources */,
				A5B895542B8BE18300A30134 /* LaunchScreen.storyboard in Resources */,
				D9E7692C2B8D437E0096FAEC /* button-green.png in Resources */,
				D9E769272B8D437E0096FAEC /* background.png in Resources */,
				D9E769332B8D437E0096FAEC /* right-answer.mp3 in Resources */,
				D9E769372B8D437E0096FAEC /* answer-accepted.mp3 in Resources */,
				A5B895512B8BE18300A30134 /* Assets.xcassets in Resources */,
			);
			runOnlyForDeploymentPostprocessing = 0;
		};
/* End PBXResourcesBuildPhase section */

/* Begin PBXSourcesBuildPhase section */
		A5B895402B8BE18200A30134 /* Sources */ = {
			isa = PBXSourcesBuildPhase;
			buildActionMask = 2147483647;
			files = (
				AD0799E22B8F33AA00AEFFE7 /* QuestionsViewController.swift in Sources */,
				AD0799DF2B8E8EC400AEFFE7 /* GameOverView.swift in Sources */,
				D973137E2B8DFE930046083E /* Fonts.swift in Sources */,
				A5B895642B8BE28900A30134 /* MainViewController.swift in Sources */,
				09578BA92B90C30B008F57D4 /* StartScreenView.swift in Sources */,
				09ACC9672B8FBEE100FA0CA2 /* StartScreenViewController.swift in Sources */,
				09ACC9692B8FBF2E00FA0CA2 /* RegistrationViewController.swift in Sources */,
				D51C64FA2B905781002F6EE1 /* GameService.swift in Sources */,
				D588C67E2B8F3DC100B39884 /* QuestionsAPI.swift in Sources */,
				D9CEFE0A2B8FA3320009949C /* AudioPlayer.swift in Sources */,
				D9E769542B8DF5150096FAEC /* Images.swift in Sources */,
				D588C67C2B8F3B1700B39884 /* Question.swift in Sources */,
				09578BAB2B90CB76008F57D4 /* RegistrationView.swift in Sources */,
				A5B895692B8D1BDC00A30134 /* CustomView.swift in Sources */,
				AD0799E62B8F691E00AEFFE7 /* QuestionView.swift in Sources */,
				AD0799EA2B8F748300AEFFE7 /* QuestionHelper.swift in Sources */,
				A5B8956B2B8D1BFD00A30134 /* CustomViewController.swift in Sources */,
				D973137C2B8DFDBA0046083E /* Sounds.swift in Sources */,
				AD0799E42B8F33F800AEFFE7 /* QuestionsView.swift in Sources */,
				A5B895482B8BE18200A30134 /* AppDelegate.swift in Sources */,
				09E3DCE42B90F04500C73649 /* RulesViewController.swift in Sources */,
				09E3DCE62B90F07400C73649 /* RulesView.swift in Sources */,
				A5B8954A2B8BE18200A30134 /* SceneDelegate.swift in Sources */,
				AD0799DD2B8E8E8200AEFFE7 /* GameOverViewController.swift in Sources */,
			);
			runOnlyForDeploymentPostprocessing = 0;
		};
/* End PBXSourcesBuildPhase section */

/* Begin PBXVariantGroup section */
		A5B895522B8BE18300A30134 /* LaunchScreen.storyboard */ = {
			isa = PBXVariantGroup;
			children = (
				A5B895532B8BE18300A30134 /* Base */,
			);
			name = LaunchScreen.storyboard;
			sourceTree = "<group>";
		};
/* End PBXVariantGroup section */

/* Begin XCBuildConfiguration section */
		A5B895562B8BE18300A30134 /* Debug */ = {
			isa = XCBuildConfiguration;
			buildSettings = {
				ALWAYS_SEARCH_USER_PATHS = NO;
				ASSETCATALOG_COMPILER_GENERATE_SWIFT_ASSET_SYMBOL_EXTENSIONS = YES;
				CLANG_ANALYZER_NONNULL = YES;
				CLANG_ANALYZER_NUMBER_OBJECT_CONVERSION = YES_AGGRESSIVE;
				CLANG_CXX_LANGUAGE_STANDARD = "gnu++20";
				CLANG_ENABLE_MODULES = YES;
				CLANG_ENABLE_OBJC_ARC = YES;
				CLANG_ENABLE_OBJC_WEAK = YES;
				CLANG_WARN_BLOCK_CAPTURE_AUTORELEASING = YES;
				CLANG_WARN_BOOL_CONVERSION = YES;
				CLANG_WARN_COMMA = YES;
				CLANG_WARN_CONSTANT_CONVERSION = YES;
				CLANG_WARN_DEPRECATED_OBJC_IMPLEMENTATIONS = YES;
				CLANG_WARN_DIRECT_OBJC_ISA_USAGE = YES_ERROR;
				CLANG_WARN_DOCUMENTATION_COMMENTS = YES;
				CLANG_WARN_EMPTY_BODY = YES;
				CLANG_WARN_ENUM_CONVERSION = YES;
				CLANG_WARN_INFINITE_RECURSION = YES;
				CLANG_WARN_INT_CONVERSION = YES;
				CLANG_WARN_NON_LITERAL_NULL_CONVERSION = YES;
				CLANG_WARN_OBJC_IMPLICIT_RETAIN_SELF = YES;
				CLANG_WARN_OBJC_LITERAL_CONVERSION = YES;
				CLANG_WARN_OBJC_ROOT_CLASS = YES_ERROR;
				CLANG_WARN_QUOTED_INCLUDE_IN_FRAMEWORK_HEADER = YES;
				CLANG_WARN_RANGE_LOOP_ANALYSIS = YES;
				CLANG_WARN_STRICT_PROTOTYPES = YES;
				CLANG_WARN_SUSPICIOUS_MOVE = YES;
				CLANG_WARN_UNGUARDED_AVAILABILITY = YES_AGGRESSIVE;
				CLANG_WARN_UNREACHABLE_CODE = YES;
				CLANG_WARN__DUPLICATE_METHOD_MATCH = YES;
				COPY_PHASE_STRIP = NO;
				DEBUG_INFORMATION_FORMAT = dwarf;
				ENABLE_STRICT_OBJC_MSGSEND = YES;
				ENABLE_TESTABILITY = YES;
				ENABLE_USER_SCRIPT_SANDBOXING = YES;
				GCC_C_LANGUAGE_STANDARD = gnu17;
				GCC_DYNAMIC_NO_PIC = NO;
				GCC_NO_COMMON_BLOCKS = YES;
				GCC_OPTIMIZATION_LEVEL = 0;
				GCC_PREPROCESSOR_DEFINITIONS = (
					"DEBUG=1",
					"$(inherited)",
				);
				GCC_WARN_64_TO_32_BIT_CONVERSION = YES;
				GCC_WARN_ABOUT_RETURN_TYPE = YES_ERROR;
				GCC_WARN_UNDECLARED_SELECTOR = YES;
				GCC_WARN_UNINITIALIZED_AUTOS = YES_AGGRESSIVE;
				GCC_WARN_UNUSED_FUNCTION = YES;
				GCC_WARN_UNUSED_VARIABLE = YES;
				IPHONEOS_DEPLOYMENT_TARGET = 17.2;
				LOCALIZATION_PREFERS_STRING_CATALOGS = YES;
				MTL_ENABLE_DEBUG_INFO = INCLUDE_SOURCE;
				MTL_FAST_MATH = YES;
				ONLY_ACTIVE_ARCH = YES;
				SDKROOT = iphoneos;
				SWIFT_ACTIVE_COMPILATION_CONDITIONS = "DEBUG $(inherited)";
				SWIFT_OPTIMIZATION_LEVEL = "-Onone";
			};
			name = Debug;
		};
		A5B895572B8BE18300A30134 /* Release */ = {
			isa = XCBuildConfiguration;
			buildSettings = {
				ALWAYS_SEARCH_USER_PATHS = NO;
				ASSETCATALOG_COMPILER_GENERATE_SWIFT_ASSET_SYMBOL_EXTENSIONS = YES;
				CLANG_ANALYZER_NONNULL = YES;
				CLANG_ANALYZER_NUMBER_OBJECT_CONVERSION = YES_AGGRESSIVE;
				CLANG_CXX_LANGUAGE_STANDARD = "gnu++20";
				CLANG_ENABLE_MODULES = YES;
				CLANG_ENABLE_OBJC_ARC = YES;
				CLANG_ENABLE_OBJC_WEAK = YES;
				CLANG_WARN_BLOCK_CAPTURE_AUTORELEASING = YES;
				CLANG_WARN_BOOL_CONVERSION = YES;
				CLANG_WARN_COMMA = YES;
				CLANG_WARN_CONSTANT_CONVERSION = YES;
				CLANG_WARN_DEPRECATED_OBJC_IMPLEMENTATIONS = YES;
				CLANG_WARN_DIRECT_OBJC_ISA_USAGE = YES_ERROR;
				CLANG_WARN_DOCUMENTATION_COMMENTS = YES;
				CLANG_WARN_EMPTY_BODY = YES;
				CLANG_WARN_ENUM_CONVERSION = YES;
				CLANG_WARN_INFINITE_RECURSION = YES;
				CLANG_WARN_INT_CONVERSION = YES;
				CLANG_WARN_NON_LITERAL_NULL_CONVERSION = YES;
				CLANG_WARN_OBJC_IMPLICIT_RETAIN_SELF = YES;
				CLANG_WARN_OBJC_LITERAL_CONVERSION = YES;
				CLANG_WARN_OBJC_ROOT_CLASS = YES_ERROR;
				CLANG_WARN_QUOTED_INCLUDE_IN_FRAMEWORK_HEADER = YES;
				CLANG_WARN_RANGE_LOOP_ANALYSIS = YES;
				CLANG_WARN_STRICT_PROTOTYPES = YES;
				CLANG_WARN_SUSPICIOUS_MOVE = YES;
				CLANG_WARN_UNGUARDED_AVAILABILITY = YES_AGGRESSIVE;
				CLANG_WARN_UNREACHABLE_CODE = YES;
				CLANG_WARN__DUPLICATE_METHOD_MATCH = YES;
				COPY_PHASE_STRIP = NO;
				DEBUG_INFORMATION_FORMAT = "dwarf-with-dsym";
				ENABLE_NS_ASSERTIONS = NO;
				ENABLE_STRICT_OBJC_MSGSEND = YES;
				ENABLE_USER_SCRIPT_SANDBOXING = YES;
				GCC_C_LANGUAGE_STANDARD = gnu17;
				GCC_NO_COMMON_BLOCKS = YES;
				GCC_WARN_64_TO_32_BIT_CONVERSION = YES;
				GCC_WARN_ABOUT_RETURN_TYPE = YES_ERROR;
				GCC_WARN_UNDECLARED_SELECTOR = YES;
				GCC_WARN_UNINITIALIZED_AUTOS = YES_AGGRESSIVE;
				GCC_WARN_UNUSED_FUNCTION = YES;
				GCC_WARN_UNUSED_VARIABLE = YES;
				IPHONEOS_DEPLOYMENT_TARGET = 17.2;
				LOCALIZATION_PREFERS_STRING_CATALOGS = YES;
				MTL_ENABLE_DEBUG_INFO = NO;
				MTL_FAST_MATH = YES;
				SDKROOT = iphoneos;
				SWIFT_COMPILATION_MODE = wholemodule;
				VALIDATE_PRODUCT = YES;
			};
			name = Release;
		};
		A5B895592B8BE18300A30134 /* Debug */ = {
			isa = XCBuildConfiguration;
			buildSettings = {
				ASSETCATALOG_COMPILER_APPICON_NAME = AppIcon;
				ASSETCATALOG_COMPILER_GLOBAL_ACCENT_COLOR_NAME = AccentColor;
				CODE_SIGN_STYLE = Automatic;
				CURRENT_PROJECT_VERSION = 1;
				DEVELOPMENT_TEAM = GT292Y33C6;
				GENERATE_INFOPLIST_FILE = YES;
				INFOPLIST_FILE = WhoWantsToBeAMillionaire/Resources/Info.plist;
				INFOPLIST_KEY_UIApplicationSupportsIndirectInputEvents = YES;
				INFOPLIST_KEY_UILaunchStoryboardName = LaunchScreen.storyboard;
				INFOPLIST_KEY_UISupportedInterfaceOrientations = UIInterfaceOrientationPortrait;
				INFOPLIST_KEY_UISupportedInterfaceOrientations_iPad = "UIInterfaceOrientationLandscapeLeft UIInterfaceOrientationLandscapeRight UIInterfaceOrientationPortrait UIInterfaceOrientationPortraitUpsideDown";
				IPHONEOS_DEPLOYMENT_TARGET = 15.0;
				LD_RUNPATH_SEARCH_PATHS = (
					"$(inherited)",
					"@executable_path/Frameworks",
				);
				MARKETING_VERSION = 1.0;
				PRODUCT_BUNDLE_IDENTIFIER = "zvontsov-adadigital.ru.WhoWantsToBeAMillionaire";
				PRODUCT_NAME = "$(TARGET_NAME)";
				SUPPORTED_PLATFORMS = "iphoneos iphonesimulator";
				SUPPORTS_MACCATALYST = NO;
				SUPPORTS_MAC_DESIGNED_FOR_IPHONE_IPAD = NO;
				SUPPORTS_XR_DESIGNED_FOR_IPHONE_IPAD = NO;
				SWIFT_EMIT_LOC_STRINGS = YES;
				SWIFT_VERSION = 5.0;
				TARGETED_DEVICE_FAMILY = 1;
			};
			name = Debug;
		};
		A5B8955A2B8BE18300A30134 /* Release */ = {
			isa = XCBuildConfiguration;
			buildSettings = {
				ASSETCATALOG_COMPILER_APPICON_NAME = AppIcon;
				ASSETCATALOG_COMPILER_GLOBAL_ACCENT_COLOR_NAME = AccentColor;
				CODE_SIGN_STYLE = Automatic;
				CURRENT_PROJECT_VERSION = 1;
				DEVELOPMENT_TEAM = GT292Y33C6;
				GENERATE_INFOPLIST_FILE = YES;
				INFOPLIST_FILE = WhoWantsToBeAMillionaire/Resources/Info.plist;
				INFOPLIST_KEY_UIApplicationSupportsIndirectInputEvents = YES;
				INFOPLIST_KEY_UILaunchStoryboardName = LaunchScreen.storyboard;
				INFOPLIST_KEY_UISupportedInterfaceOrientations = UIInterfaceOrientationPortrait;
				INFOPLIST_KEY_UISupportedInterfaceOrientations_iPad = "UIInterfaceOrientationLandscapeLeft UIInterfaceOrientationLandscapeRight UIInterfaceOrientationPortrait UIInterfaceOrientationPortraitUpsideDown";
				IPHONEOS_DEPLOYMENT_TARGET = 15.0;
				LD_RUNPATH_SEARCH_PATHS = (
					"$(inherited)",
					"@executable_path/Frameworks",
				);
				MARKETING_VERSION = 1.0;
				PRODUCT_BUNDLE_IDENTIFIER = "zvontsov-adadigital.ru.WhoWantsToBeAMillionaire";
				PRODUCT_NAME = "$(TARGET_NAME)";
				SUPPORTED_PLATFORMS = "iphoneos iphonesimulator";
				SUPPORTS_MACCATALYST = NO;
				SUPPORTS_MAC_DESIGNED_FOR_IPHONE_IPAD = NO;
				SUPPORTS_XR_DESIGNED_FOR_IPHONE_IPAD = NO;
				SWIFT_EMIT_LOC_STRINGS = YES;
				SWIFT_VERSION = 5.0;
				TARGETED_DEVICE_FAMILY = 1;
			};
			name = Release;
		};
/* End XCBuildConfiguration section */

/* Begin XCConfigurationList section */
		A5B8953F2B8BE18200A30134 /* Build configuration list for PBXProject "WhoWantsToBeAMillionaire" */ = {
			isa = XCConfigurationList;
			buildConfigurations = (
				A5B895562B8BE18300A30134 /* Debug */,
				A5B895572B8BE18300A30134 /* Release */,
			);
			defaultConfigurationIsVisible = 0;
			defaultConfigurationName = Release;
		};
		A5B895582B8BE18300A30134 /* Build configuration list for PBXNativeTarget "WhoWantsToBeAMillionaire" */ = {
			isa = XCConfigurationList;
			buildConfigurations = (
				A5B895592B8BE18300A30134 /* Debug */,
				A5B8955A2B8BE18300A30134 /* Release */,
			);
			defaultConfigurationIsVisible = 0;
			defaultConfigurationName = Release;
		};
/* End XCConfigurationList section */

/* Begin XCRemoteSwiftPackageReference section */
		A5B895652B8BEA7A00A30134 /* XCRemoteSwiftPackageReference "SnapKit" */ = {
			isa = XCRemoteSwiftPackageReference;
			repositoryURL = "https://github.com/SnapKit/SnapKit.git";
			requirement = {
				kind = upToNextMajorVersion;
				minimumVersion = 5.7.1;
			};
		};
/* End XCRemoteSwiftPackageReference section */

/* Begin XCSwiftPackageProductDependency section */
		A5B895662B8BEA7A00A30134 /* SnapKit */ = {
			isa = XCSwiftPackageProductDependency;
			package = A5B895652B8BEA7A00A30134 /* XCRemoteSwiftPackageReference "SnapKit" */;
			productName = SnapKit;
		};
/* End XCSwiftPackageProductDependency section */
	};
	rootObject = A5B8953C2B8BE18200A30134 /* Project object */;
}
